// !$*UTF8*$!
{
	archiveVersion = 1;
	classes = {
	};
	objectVersion = 50;
	objects = {

/* Begin PBXBuildFile section */
		0484BABB22E6DD830060A7E1 /* NotesController.swift in Sources */ = {isa = PBXBuildFile; fileRef = 0484BABA22E6DD830060A7E1 /* NotesController.swift */; };
		0484BABD22E6E4290060A7E1 /* Extensions.swift in Sources */ = {isa = PBXBuildFile; fileRef = 0484BABC22E6E4290060A7E1 /* Extensions.swift */; };
		0484BABF22E6F1680060A7E1 /* NotesDetailController.swift in Sources */ = {isa = PBXBuildFile; fileRef = 0484BABE22E6F1680060A7E1 /* NotesDetailController.swift */; };
		049E75E522E6D5D7003210F2 /* AppDelegate.swift in Sources */ = {isa = PBXBuildFile; fileRef = 049E75E422E6D5D7003210F2 /* AppDelegate.swift */; };
		049E75E722E6D5D7003210F2 /* CategoriesController.swift in Sources */ = {isa = PBXBuildFile; fileRef = 049E75E622E6D5D7003210F2 /* CategoriesController.swift */; };
		049E75EC22E6D5DC003210F2 /* Assets.xcassets in Resources */ = {isa = PBXBuildFile; fileRef = 049E75EB22E6D5DC003210F2 /* Assets.xcassets */; };
		049E75EF22E6D5DC003210F2 /* LaunchScreen.storyboard in Resources */ = {isa = PBXBuildFile; fileRef = 049E75ED22E6D5DC003210F2 /* LaunchScreen.storyboard */; };
/* End PBXBuildFile section */

/* Begin PBXFileReference section */
		0484BABA22E6DD830060A7E1 /* NotesController.swift */ = {isa = PBXFileReference; lastKnownFileType = sourcecode.swift; path = NotesController.swift; sourceTree = "<group>"; };
		0484BABC22E6E4290060A7E1 /* Extensions.swift */ = {isa = PBXFileReference; lastKnownFileType = sourcecode.swift; path = Extensions.swift; sourceTree = "<group>"; };
		0484BABE22E6F1680060A7E1 /* NotesDetailController.swift */ = {isa = PBXFileReference; lastKnownFileType = sourcecode.swift; path = NotesDetailController.swift; sourceTree = "<group>"; };
		049E75E122E6D5D7003210F2 /* PandaNotes.app */ = {isa = PBXFileReference; explicitFileType = wrapper.application; includeInIndex = 0; path = PandaNotes.app; sourceTree = BUILT_PRODUCTS_DIR; };
		049E75E422E6D5D7003210F2 /* AppDelegate.swift */ = {isa = PBXFileReference; lastKnownFileType = sourcecode.swift; path = AppDelegate.swift; sourceTree = "<group>"; };
		049E75E622E6D5D7003210F2 /* CategoriesController.swift */ = {isa = PBXFileReference; lastKnownFileType = sourcecode.swift; path = CategoriesController.swift; sourceTree = "<group>"; };
		049E75EB22E6D5DC003210F2 /* Assets.xcassets */ = {isa = PBXFileReference; lastKnownFileType = folder.assetcatalog; path = Assets.xcassets; sourceTree = "<group>"; };
		049E75EE22E6D5DC003210F2 /* Base */ = {isa = PBXFileReference; lastKnownFileType = file.storyboard; name = Base; path = Base.lproj/LaunchScreen.storyboard; sourceTree = "<group>"; };
		049E75F022E6D5DC003210F2 /* Info.plist */ = {isa = PBXFileReference; lastKnownFileType = text.plist.xml; path = Info.plist; sourceTree = "<group>"; };
/* End PBXFileReference section */

/* Begin PBXFrameworksBuildPhase section */
		049E75DE22E6D5D7003210F2 /* Frameworks */ = {
			isa = PBXFrameworksBuildPhase;
			buildActionMask = 2147483647;
			files = (
			);
			runOnlyForDeploymentPostprocessing = 0;
		};
/* End PBXFrameworksBuildPhase section */

/* Begin PBXGroup section */
		0484BAB922E6DD4D0060A7E1 /* Controllers */ = {
			isa = PBXGroup;
			children = (
				049E75E622E6D5D7003210F2 /* CategoriesController.swift */,
				0484BABA22E6DD830060A7E1 /* NotesController.swift */,
				0484BABE22E6F1680060A7E1 /* NotesDetailController.swift */,
			);
			path = Controllers;
			sourceTree = "<group>";
		};
		049E75D822E6D5D7003210F2 = {
			isa = PBXGroup;
			children = (
				049E75E322E6D5D7003210F2 /* PandaNotes */,
				049E75E222E6D5D7003210F2 /* Products */,
			);
			sourceTree = "<group>";
		};
		049E75E222E6D5D7003210F2 /* Products */ = {
			isa = PBXGroup;
			children = (
				049E75E122E6D5D7003210F2 /* PandaNotes.app */,
			);
			name = Products;
			sourceTree = "<group>";
		};
		049E75E322E6D5D7003210F2 /* PandaNotes */ = {
			isa = PBXGroup;
			children = (
				0484BAB922E6DD4D0060A7E1 /* Controllers */,
				049E75E422E6D5D7003210F2 /* AppDelegate.swift */,
				0484BABC22E6E4290060A7E1 /* Extensions.swift */,
				049E75EB22E6D5DC003210F2 /* Assets.xcassets */,
				049E75ED22E6D5DC003210F2 /* LaunchScreen.storyboard */,
				049E75F022E6D5DC003210F2 /* Info.plist */,
			);
			path = PandaNotes;
			sourceTree = "<group>";
		};
/* End PBXGroup section */

/* Begin PBXNativeTarget section */
		049E75E022E6D5D7003210F2 /* PandaNotes */ = {
			isa = PBXNativeTarget;
			buildConfigurationList = 049E75F322E6D5DC003210F2 /* Build configuration list for PBXNativeTarget "PandaNotes" */;
			buildPhases = (
				049E75DD22E6D5D7003210F2 /* Sources */,
				049E75DE22E6D5D7003210F2 /* Frameworks */,
				049E75DF22E6D5D7003210F2 /* Resources */,
			);
			buildRules = (
			);
			dependencies = (
			);
			name = PandaNotes;
			productName = PandaNotes;
			productReference = 049E75E122E6D5D7003210F2 /* PandaNotes.app */;
			productType = "com.apple.product-type.application";
		};
/* End PBXNativeTarget section */

/* Begin PBXProject section */
		049E75D922E6D5D7003210F2 /* Project object */ = {
			isa = PBXProject;
			attributes = {
				LastSwiftUpdateCheck = 1020;
				LastUpgradeCheck = 1020;
				ORGANIZATIONNAME = "Lambton College";
				TargetAttributes = {
					049E75E022E6D5D7003210F2 = {
						CreatedOnToolsVersion = 10.2.1;
					};
				};
			};
			buildConfigurationList = 049E75DC22E6D5D7003210F2 /* Build configuration list for PBXProject "PandaNotes" */;
			compatibilityVersion = "Xcode 9.3";
			developmentRegion = en;
			hasScannedForEncodings = 0;
			knownRegions = (
				en,
				Base,
			);
			mainGroup = 049E75D822E6D5D7003210F2;
			productRefGroup = 049E75E222E6D5D7003210F2 /* Products */;
			projectDirPath = "";
			projectRoot = "";
			targets = (
				049E75E022E6D5D7003210F2 /* PandaNotes */,
			);
		};
/* End PBXProject section */

/* Begin PBXResourcesBuildPhase section */
		049E75DF22E6D5D7003210F2 /* Resources */ = {
			isa = PBXResourcesBuildPhase;
			buildActionMask = 2147483647;
			files = (
				049E75EF22E6D5DC003210F2 /* LaunchScreen.storyboard in Resources */,
				049E75EC22E6D5DC003210F2 /* Assets.xcassets in Resources */,
			);
			runOnlyForDeploymentPostprocessing = 0;
		};
/* End PBXResourcesBuildPhase section */

/* Begin PBXSourcesBuildPhase section */
		049E75DD22E6D5D7003210F2 /* Sources */ = {
			isa = PBXSourcesBuildPhase;
			buildActionMask = 2147483647;
			files = (
				0484BABF22E6F1680060A7E1 /* NotesDetailController.swift in Sources */,
				0484BABB22E6DD830060A7E1 /* NotesController.swift in Sources */,
				049E75E722E6D5D7003210F2 /* CategoriesController.swift in Sources */,
				049E75E522E6D5D7003210F2 /* AppDelegate.swift in Sources */,
				0484BABD22E6E4290060A7E1 /* Extensions.swift in Sources */,
			);
			runOnlyForDeploymentPostprocessing = 0;
		};
/* End PBXSourcesBuildPhase section */

/* Begin PBXVariantGroup section */
		049E75ED22E6D5DC003210F2 /* LaunchScreen.storyboard */ = {
			isa = PBXVariantGroup;
			children = (
				049E75EE22E6D5DC003210F2 /* Base */,
			);
			name = LaunchScreen.storyboard;
			sourceTree = "<group>";
		};
/* End PBXVariantGroup section */

/* Begin XCBuildConfiguration section */
		049E75F122E6D5DC003210F2 /* Debug */ = {
			isa = XCBuildConfiguration;
			buildSettings = {
				ALWAYS_SEARCH_USER_PATHS = NO;
				CLANG_ANALYZER_NONNULL = YES;
				CLANG_ANALYZER_NUMBER_OBJECT_CONVERSION = YES_AGGRESSIVE;
				CLANG_CXX_LANGUAGE_STANDARD = "gnu++14";
				CLANG_CXX_LIBRARY = "libc++";
				CLANG_ENABLE_MODULES = YES;
				CLANG_ENABLE_OBJC_ARC = YES;
				CLANG_ENABLE_OBJC_WEAK = YES;
				CLANG_WARN_BLOCK_CAPTURE_AUTORELEASING = YES;
				CLANG_WARN_BOOL_CONVERSION = YES;
				CLANG_WARN_COMMA = YES;
				CLANG_WARN_CONSTANT_CONVERSION = YES;
				CLANG_WARN_DEPRECATED_OBJC_IMPLEMENTATIONS = YES;
				CLANG_WARN_DIRECT_OBJC_ISA_USAGE = YES_ERROR;
				CLANG_WARN_DOCUMENTATION_COMMENTS = YES;
				CLANG_WARN_EMPTY_BODY = YES;
				CLANG_WARN_ENUM_CONVERSION = YES;
				CLANG_WARN_INFINITE_RECURSION = YES;
				CLANG_WARN_INT_CONVERSION = YES;
				CLANG_WARN_NON_LITERAL_NULL_CONVERSION = YES;
				CLANG_WARN_OBJC_IMPLICIT_RETAIN_SELF = YES;
				CLANG_WARN_OBJC_LITERAL_CONVERSION = YES;
				CLANG_WARN_OBJC_ROOT_CLASS = YES_ERROR;
				CLANG_WARN_RANGE_LOOP_ANALYSIS = YES;
				CLANG_WARN_STRICT_PROTOTYPES = YES;
				CLANG_WARN_SUSPICIOUS_MOVE = YES;
				CLANG_WARN_UNGUARDED_AVAILABILITY = YES_AGGRESSIVE;
				CLANG_WARN_UNREACHABLE_CODE = YES;
				CLANG_WARN__DUPLICATE_METHOD_MATCH = YES;
				CODE_SIGN_IDENTITY = "iPhone Developer";
				COPY_PHASE_STRIP = NO;
				DEBUG_INFORMATION_FORMAT = dwarf;
				ENABLE_STRICT_OBJC_MSGSEND = YES;
				ENABLE_TESTABILITY = YES;
				GCC_C_LANGUAGE_STANDARD = gnu11;
				GCC_DYNAMIC_NO_PIC = NO;
				GCC_NO_COMMON_BLOCKS = YES;
				GCC_OPTIMIZATION_LEVEL = 0;
				GCC_PREPROCESSOR_DEFINITIONS = (
					"DEBUG=1",
					"$(inherited)",
				);
				GCC_WARN_64_TO_32_BIT_CONVERSION = YES;
				GCC_WARN_ABOUT_RETURN_TYPE = YES_ERROR;
				GCC_WARN_UNDECLARED_SELECTOR = YES;
				GCC_WARN_UNINITIALIZED_AUTOS = YES_AGGRESSIVE;
				GCC_WARN_UNUSED_FUNCTION = YES;
				GCC_WARN_UNUSED_VARIABLE = YES;
				IPHONEOS_DEPLOYMENT_TARGET = 12.2;
				MTL_ENABLE_DEBUG_INFO = INCLUDE_SOURCE;
				MTL_FAST_MATH = YES;
				ONLY_ACTIVE_ARCH = YES;
				SDKROOT = iphoneos;
				SWIFT_ACTIVE_COMPILATION_CONDITIONS = DEBUG;
				SWIFT_OPTIMIZATION_LEVEL = "-Onone";
			};
			name = Debug;
		};
		049E75F222E6D5DC003210F2 /* Release */ = {
			isa = XCBuildConfiguration;
			buildSettings = {
				ALWAYS_SEARCH_USER_PATHS = NO;
				CLANG_ANALYZER_NONNULL = YES;
				CLANG_ANALYZER_NUMBER_OBJECT_CONVERSION = YES_AGGRESSIVE;
				CLANG_CXX_LANGUAGE_STANDARD = "gnu++14";
				CLANG_CXX_LIBRARY = "libc++";
				CLANG_ENABLE_MODULES = YES;
				CLANG_ENABLE_OBJC_ARC = YES;
				CLANG_ENABLE_OBJC_WEAK = YES;
				CLANG_WARN_BLOCK_CAPTURE_AUTORELEASING = YES;
				CLANG_WARN_BOOL_CONVERSION = YES;
				CLANG_WARN_COMMA = YES;
				CLANG_WARN_CONSTANT_CONVERSION = YES;
				CLANG_WARN_DEPRECATED_OBJC_IMPLEMENTATIONS = YES;
				CLANG_WARN_DIRECT_OBJC_ISA_USAGE = YES_ERROR;
				CLANG_WARN_DOCUMENTATION_COMMENTS = YES;
				CLANG_WARN_EMPTY_BODY = YES;
				CLANG_WARN_ENUM_CONVERSION = YES;
				CLANG_WARN_INFINITE_RECURSION = YES;
				CLANG_WARN_INT_CONVERSION = YES;
				CLANG_WARN_NON_LITERAL_NULL_CONVERSION = YES;
				CLANG_WARN_OBJC_IMPLICIT_RETAIN_SELF = YES;
				CLANG_WARN_OBJC_LITERAL_CONVERSION = YES;
				CLANG_WARN_OBJC_ROOT_CLASS = YES_ERROR;
				CLANG_WARN_RANGE_LOOP_ANALYSIS = YES;
				CLANG_WARN_STRICT_PROTOTYPES = YES;
				CLANG_WARN_SUSPICIOUS_MOVE = YES;
				CLANG_WARN_UNGUARDED_AVAILABILITY = YES_AGGRESSIVE;
				CLANG_WARN_UNREACHABLE_CODE = YES;
				CLANG_WARN__DUPLICATE_METHOD_MATCH = YES;
				CODE_SIGN_IDENTITY = "iPhone Developer";
				COPY_PHASE_STRIP = NO;
				DEBUG_INFORMATION_FORMAT = "dwarf-with-dsym";
				ENABLE_NS_ASSERTIONS = NO;
				ENABLE_STRICT_OBJC_MSGSEND = YES;
				GCC_C_LANGUAGE_STANDARD = gnu11;
				GCC_NO_COMMON_BLOCKS = YES;
				GCC_WARN_64_TO_32_BIT_CONVERSION = YES;
				GCC_WARN_ABOUT_RETURN_TYPE = YES_ERROR;
				GCC_WARN_UNDECLARED_SELECTOR = YES;
				GCC_WARN_UNINITIALIZED_AUTOS = YES_AGGRESSIVE;
				GCC_WARN_UNUSED_FUNCTION = YES;
				GCC_WARN_UNUSED_VARIABLE = YES;
				IPHONEOS_DEPLOYMENT_TARGET = 12.2;
				MTL_ENABLE_DEBUG_INFO = NO;
				MTL_FAST_MATH = YES;
				SDKROOT = iphoneos;
				SWIFT_COMPILATION_MODE = wholemodule;
				SWIFT_OPTIMIZATION_LEVEL = "-O";
				VALIDATE_PRODUCT = YES;
			};
			name = Release;
		};
		049E75F422E6D5DC003210F2 /* Debug */ = {
			isa = XCBuildConfiguration;
			buildSettings = {
				ASSETCATALOG_COMPILER_APPICON_NAME = AppIcon;
				CODE_SIGN_STYLE = Automatic;
				DEVELOPMENT_TEAM = UXR768RJ2F;
				INFOPLIST_FILE = PandaNotes/Info.plist;
				LD_RUNPATH_SEARCH_PATHS = (
					"$(inherited)",
					"@executable_path/Frameworks",
				);
				PRODUCT_BUNDLE_IDENTIFIER = com.lambton.PandaNotes;
				PRODUCT_NAME = "$(TARGET_NAME)";
				SWIFT_VERSION = 5.0;
				TARGETED_DEVICE_FAMILY = "1,2";
			};
			name = Debug;
		};
		049E75F522E6D5DC003210F2 /* Release */ = {
			isa = XCBuildConfiguration;
			buildSettings = {
				ASSETCATALOG_COMPILER_APPICON_NAME = AppIcon;
				CODE_SIGN_STYLE = Automatic;
				DEVELOPMENT_TEAM = UXR768RJ2F;
				INFOPLIST_FILE = PandaNotes/Info.plist;
				LD_RUNPATH_SEARCH_PATHS = (
					"$(inherited)",
					"@executable_path/Frameworks",
				);
				PRODUCT_BUNDLE_IDENTIFIER = com.lambton.PandaNotes;
				PRODUCT_NAME = "$(TARGET_NAME)";
				SWIFT_VERSION = 5.0;
				TARGETED_DEVICE_FAMILY = "1,2";
			};
			name = Release;
		};
/* End XCBuildConfiguration section */

/* Begin XCConfigurationList section */
		049E75DC22E6D5D7003210F2 /* Build configuration list for PBXProject "PandaNotes" */ = {
			isa = XCConfigurationList;
			buildConfigurations = (
				049E75F122E6D5DC003210F2 /* Debug */,
				049E75F222E6D5DC003210F2 /* Release */,
			);
			defaultConfigurationIsVisible = 0;
			defaultConfigurationName = Release;
		};
		049E75F322E6D5DC003210F2 /* Build configuration list for PBXNativeTarget "PandaNotes" */ = {
			isa = XCConfigurationList;
			buildConfigurations = (
				049E75F422E6D5DC003210F2 /* Debug */,
				049E75F522E6D5DC003210F2 /* Release */,
			);
			defaultConfigurationIsVisible = 0;
			defaultConfigurationName = Release;
		};
/* End XCConfigurationList section */
	};
	rootObject = 049E75D922E6D5D7003210F2 /* Project object */;
}
